
Microsoft Visual Studio Solution File, Format Version 12.00
# Visual Studio Version 17
VisualStudioVersion = 17.0.32112.339
MinimumVisualStudioVersion = 10.0.40219.1
Project("{FAE04EC0-301F-11D3-BF4B-00C04F79EFBC}") = "EmployeeManager", "EmployeeManager\EmployeeManager.csproj", "{615A8EE3-2FB9-4A27-AC4E-5417F78FE7DD}"
EndProject
Global
	GlobalSection(SolutionConfigurationPlatforms) = preSolution
		Debug|Any CPU = Debug|Any CPU
		Release|Any CPU = Release|Any CPU
	EndGlobalSection
	GlobalSection(ProjectConfigurationPlatforms) = postSolution
		{615A8EE3-2FB9-4A27-AC4E-5417F78FE7DD}.Debug|Any CPU.ActiveCfg = Debug|Any CPU
		{615A8EE3-2FB9-4A27-AC4E-5417F78FE7DD}.Debug|Any CPU.Build.0 = Debug|Any CPU
		{615A8EE3-2FB9-4A27-AC4E-5417F78FE7DD}.Release|Any CPU.ActiveCfg = Release|Any CPU
		{615A8EE3-2FB9-4A27-AC4E-5417F78FE7DD}.Release|Any CPU.Build.0 = Release|Any CPU
	EndGlobalSection
	GlobalSection(SolutionProperties) = preSolution
		HideSolutionNode = FALSE
	EndGlobalSection
	GlobalSection(ExtensibilityGlobals) = postSolution
		SolutionGuid = {D1E25A07-9BC5-4F0D-8DDF-83CD0F93AC96}
	EndGlobalSection
EndGlobal
